
Microsoft Visual Studio Solution File, Format Version 12.00
# Visual Studio 15
VisualStudioVersion = 15.0.35213.121
MinimumVisualStudioVersion = 10.0.40219.1
Project("{FAE04EC0-301F-11D3-BF4B-00C04F79EFBC}") = "uml3", "uml3\uml3.csproj", "{117F06F7-2BD5-4D41-A72F-23123D935947}"
EndProject
Global
	GlobalSection(SolutionConfigurationPlatforms) = preSolution
		Debug|Any CPU = Debug|Any CPU
		Release|Any CPU = Release|Any CPU
	EndGlobalSection
	GlobalSection(ProjectConfigurationPlatforms) = postSolution
		{117F06F7-2BD5-4D41-A72F-23123D935947}.Debug|Any CPU.ActiveCfg = Debug|Any CPU
		{117F06F7-2BD5-4D41-A72F-23123D935947}.Debug|Any CPU.Build.0 = Debug|Any CPU
		{117F06F7-2BD5-4D41-A72F-23123D935947}.Release|Any CPU.ActiveCfg = Release|Any CPU
		{117F06F7-2BD5-4D41-A72F-23123D935947}.Release|Any CPU.Build.0 = Release|Any CPU
	EndGlobalSection
	GlobalSection(SolutionProperties) = preSolution
		HideSolutionNode = FALSE
	EndGlobalSection
	GlobalSection(ExtensibilityGlobals) = postSolution
		SolutionGuid = {2321C68B-999E-4596-8422-1D346C03950C}
	EndGlobalSection
EndGlobal
